// !$*UTF8*$!
{
	archiveVersion = 1;
	classes = {
	};
	objectVersion = 46;
	objects = {

/* Begin PBXBuildFile section */
		D72BFD461CEFA8C900C25300 /* AppDelegate.swift in Sources */ = {isa = PBXBuildFile; fileRef = D72BFD451CEFA8C900C25300 /* AppDelegate.swift */; };
		D72BFD481CEFA8C900C25300 /* ViewController.swift in Sources */ = {isa = PBXBuildFile; fileRef = D72BFD471CEFA8C900C25300 /* ViewController.swift */; };
		D72BFD4B1CEFA8C900C25300 /* Main.storyboard in Resources */ = {isa = PBXBuildFile; fileRef = D72BFD491CEFA8C900C25300 /* Main.storyboard */; };
		D72BFD4E1CEFA8C900C25300 /* iOSBlackBeltExam.xcdatamodeld in Sources */ = {isa = PBXBuildFile; fileRef = D72BFD4C1CEFA8C900C25300 /* iOSBlackBeltExam.xcdatamodeld */; };
		D72BFD501CEFA8C900C25300 /* Assets.xcassets in Resources */ = {isa = PBXBuildFile; fileRef = D72BFD4F1CEFA8C900C25300 /* Assets.xcassets */; };
		D72BFD531CEFA8C900C25300 /* LaunchScreen.storyboard in Resources */ = {isa = PBXBuildFile; fileRef = D72BFD511CEFA8C900C25300 /* LaunchScreen.storyboard */; };
		D72BFD5E1CEFA8C900C25300 /* iOSBlackBeltExamTests.swift in Sources */ = {isa = PBXBuildFile; fileRef = D72BFD5D1CEFA8C900C25300 /* iOSBlackBeltExamTests.swift */; };
		D72BFD691CEFA8C900C25300 /* iOSBlackBeltExamUITests.swift in Sources */ = {isa = PBXBuildFile; fileRef = D72BFD681CEFA8C900C25300 /* iOSBlackBeltExamUITests.swift */; };
/* End PBXBuildFile section */

/* Begin PBXContainerItemProxy section */
		D72BFD5A1CEFA8C900C25300 /* PBXContainerItemProxy */ = {
			isa = PBXContainerItemProxy;
			containerPortal = D72BFD3A1CEFA8C900C25300 /* Project object */;
			proxyType = 1;
			remoteGlobalIDString = D72BFD411CEFA8C900C25300;
			remoteInfo = iOSBlackBeltExam;
		};
		D72BFD651CEFA8C900C25300 /* PBXContainerItemProxy */ = {
			isa = PBXContainerItemProxy;
			containerPortal = D72BFD3A1CEFA8C900C25300 /* Project object */;
			proxyType = 1;
			remoteGlobalIDString = D72BFD411CEFA8C900C25300;
			remoteInfo = iOSBlackBeltExam;
		};
/* End PBXContainerItemProxy section */

/* Begin PBXFileReference section */
		D72BFD421CEFA8C900C25300 /* iOSBlackBeltExam.app */ = {isa = PBXFileReference; explicitFileType = wrapper.application; includeInIndex = 0; path = iOSBlackBeltExam.app; sourceTree = BUILT_PRODUCTS_DIR; };
		D72BFD451CEFA8C900C25300 /* AppDelegate.swift */ = {isa = PBXFileReference; lastKnownFileType = sourcecode.swift; path = AppDelegate.swift; sourceTree = "<group>"; };
		D72BFD471CEFA8C900C25300 /* ViewController.swift */ = {isa = PBXFileReference; lastKnownFileType = sourcecode.swift; path = ViewController.swift; sourceTree = "<group>"; };
		D72BFD4A1CEFA8C900C25300 /* Base */ = {isa = PBXFileReference; lastKnownFileType = file.storyboard; name = Base; path = Base.lproj/Main.storyboard; sourceTree = "<group>"; };
		D72BFD4D1CEFA8C900C25300 /* iOSBlackBeltExam.xcdatamodel */ = {isa = PBXFileReference; lastKnownFileType = wrapper.xcdatamodel; path = iOSBlackBeltExam.xcdatamodel; sourceTree = "<group>"; };
		D72BFD4F1CEFA8C900C25300 /* Assets.xcassets */ = {isa = PBXFileReference; lastKnownFileType = folder.assetcatalog; path = Assets.xcassets; sourceTree = "<group>"; };
		D72BFD521CEFA8C900C25300 /* Base */ = {isa = PBXFileReference; lastKnownFileType = file.storyboard; name = Base; path = Base.lproj/LaunchScreen.storyboard; sourceTree = "<group>"; };
		D72BFD541CEFA8C900C25300 /* Info.plist */ = {isa = PBXFileReference; lastKnownFileType = text.plist.xml; path = Info.plist; sourceTree = "<group>"; };
		D72BFD591CEFA8C900C25300 /* iOSBlackBeltExamTests.xctest */ = {isa = PBXFileReference; explicitFileType = wrapper.cfbundle; includeInIndex = 0; path = iOSBlackBeltExamTests.xctest; sourceTree = BUILT_PRODUCTS_DIR; };
		D72BFD5D1CEFA8C900C25300 /* iOSBlackBeltExamTests.swift */ = {isa = PBXFileReference; lastKnownFileType = sourcecode.swift; path = iOSBlackBeltExamTests.swift; sourceTree = "<group>"; };
		D72BFD5F1CEFA8C900C25300 /* Info.plist */ = {isa = PBXFileReference; lastKnownFileType = text.plist.xml; path = Info.plist; sourceTree = "<group>"; };
		D72BFD641CEFA8C900C25300 /* iOSBlackBeltExamUITests.xctest */ = {isa = PBXFileReference; explicitFileType = wrapper.cfbundle; includeInIndex = 0; path = iOSBlackBeltExamUITests.xctest; sourceTree = BUILT_PRODUCTS_DIR; };
		D72BFD681CEFA8C900C25300 /* iOSBlackBeltExamUITests.swift */ = {isa = PBXFileReference; lastKnownFileType = sourcecode.swift; path = iOSBlackBeltExamUITests.swift; sourceTree = "<group>"; };
		D72BFD6A1CEFA8C900C25300 /* Info.plist */ = {isa = PBXFileReference; lastKnownFileType = text.plist.xml; path = Info.plist; sourceTree = "<group>"; };
/* End PBXFileReference section */

/* Begin PBXFrameworksBuildPhase section */
		D72BFD3F1CEFA8C900C25300 /* Frameworks */ = {
			isa = PBXFrameworksBuildPhase;
			buildActionMask = 2147483647;
			files = (
			);
			runOnlyForDeploymentPostprocessing = 0;
		};
		D72BFD561CEFA8C900C25300 /* Frameworks */ = {
			isa = PBXFrameworksBuildPhase;
			buildActionMask = 2147483647;
			files = (
			);
			runOnlyForDeploymentPostprocessing = 0;
		};
		D72BFD611CEFA8C900C25300 /* Frameworks */ = {
			isa = PBXFrameworksBuildPhase;
			buildActionMask = 2147483647;
			files = (
			);
			runOnlyForDeploymentPostprocessing = 0;
		};
/* End PBXFrameworksBuildPhase section */

/* Begin PBXGroup section */
		D72BFD391CEFA8C900C25300 = {
			isa = PBXGroup;
			children = (
				D72BFD441CEFA8C900C25300 /* iOSBlackBeltExam */,
				D72BFD5C1CEFA8C900C25300 /* iOSBlackBeltExamTests */,
				D72BFD671CEFA8C900C25300 /* iOSBlackBeltExamUITests */,
				D72BFD431CEFA8C900C25300 /* Products */,
			);
			sourceTree = "<group>";
		};
		D72BFD431CEFA8C900C25300 /* Products */ = {
			isa = PBXGroup;
			children = (
				D72BFD421CEFA8C900C25300 /* iOSBlackBeltExam.app */,
				D72BFD591CEFA8C900C25300 /* iOSBlackBeltExamTests.xctest */,
				D72BFD641CEFA8C900C25300 /* iOSBlackBeltExamUITests.xctest */,
			);
			name = Products;
			sourceTree = "<group>";
		};
		D72BFD441CEFA8C900C25300 /* iOSBlackBeltExam */ = {
			isa = PBXGroup;
			children = (
				D72BFD451CEFA8C900C25300 /* AppDelegate.swift */,
				D72BFD471CEFA8C900C25300 /* ViewController.swift */,
				D72BFD491CEFA8C900C25300 /* Main.storyboard */,
				D72BFD4F1CEFA8C900C25300 /* Assets.xcassets */,
				D72BFD511CEFA8C900C25300 /* LaunchScreen.storyboard */,
				D72BFD541CEFA8C900C25300 /* Info.plist */,
				D72BFD4C1CEFA8C900C25300 /* iOSBlackBeltExam.xcdatamodeld */,
			);
			path = iOSBlackBeltExam;
			sourceTree = "<group>";
		};
		D72BFD5C1CEFA8C900C25300 /* iOSBlackBeltExamTests */ = {
			isa = PBXGroup;
			children = (
				D72BFD5D1CEFA8C900C25300 /* iOSBlackBeltExamTests.swift */,
				D72BFD5F1CEFA8C900C25300 /* Info.plist */,
			);
			path = iOSBlackBeltExamTests;
			sourceTree = "<group>";
		};
		D72BFD671CEFA8C900C25300 /* iOSBlackBeltExamUITests */ = {
			isa = PBXGroup;
			children = (
				D72BFD681CEFA8C900C25300 /* iOSBlackBeltExamUITests.swift */,
				D72BFD6A1CEFA8C900C25300 /* Info.plist */,
			);
			path = iOSBlackBeltExamUITests;
			sourceTree = "<group>";
		};
/* End PBXGroup section */

/* Begin PBXNativeTarget section */
		D72BFD411CEFA8C900C25300 /* iOSBlackBeltExam */ = {
			isa = PBXNativeTarget;
			buildConfigurationList = D72BFD6D1CEFA8C900C25300 /* Build configuration list for PBXNativeTarget "iOSBlackBeltExam" */;
			buildPhases = (
				D72BFD3E1CEFA8C900C25300 /* Sources */,
				D72BFD3F1CEFA8C900C25300 /* Frameworks */,
				D72BFD401CEFA8C900C25300 /* Resources */,
			);
			buildRules = (
			);
			dependencies = (
			);
			name = iOSBlackBeltExam;
			productName = iOSBlackBeltExam;
			productReference = D72BFD421CEFA8C900C25300 /* iOSBlackBeltExam.app */;
			productType = "com.apple.product-type.application";
		};
		D72BFD581CEFA8C900C25300 /* iOSBlackBeltExamTests */ = {
			isa = PBXNativeTarget;
			buildConfigurationList = D72BFD701CEFA8C900C25300 /* Build configuration list for PBXNativeTarget "iOSBlackBeltExamTests" */;
			buildPhases = (
				D72BFD551CEFA8C900C25300 /* Sources */,
				D72BFD561CEFA8C900C25300 /* Frameworks */,
				D72BFD571CEFA8C900C25300 /* Resources */,
			);
			buildRules = (
			);
			dependencies = (
				D72BFD5B1CEFA8C900C25300 /* PBXTargetDependency */,
			);
			name = iOSBlackBeltExamTests;
			productName = iOSBlackBeltExamTests;
			productReference = D72BFD591CEFA8C900C25300 /* iOSBlackBeltExamTests.xctest */;
			productType = "com.apple.product-type.bundle.unit-test";
		};
		D72BFD631CEFA8C900C25300 /* iOSBlackBeltExamUITests */ = {
			isa = PBXNativeTarget;
			buildConfigurationList = D72BFD731CEFA8C900C25300 /* Build configuration list for PBXNativeTarget "iOSBlackBeltExamUITests" */;
			buildPhases = (
				D72BFD601CEFA8C900C25300 /* Sources */,
				D72BFD611CEFA8C900C25300 /* Frameworks */,
				D72BFD621CEFA8C900C25300 /* Resources */,
			);
			buildRules = (
			);
			dependencies = (
				D72BFD661CEFA8C900C25300 /* PBXTargetDependency */,
			);
			name = iOSBlackBeltExamUITests;
			productName = iOSBlackBeltExamUITests;
			productReference = D72BFD641CEFA8C900C25300 /* iOSBlackBeltExamUITests.xctest */;
			productType = "com.apple.product-type.bundle.ui-testing";
		};
/* End PBXNativeTarget section */

/* Begin PBXProject section */
		D72BFD3A1CEFA8C900C25300 /* Project object */ = {
			isa = PBXProject;
			attributes = {
				LastSwiftUpdateCheck = 0730;
				LastUpgradeCheck = 0730;
				ORGANIZATIONNAME = "Eric Nevin";
				TargetAttributes = {
					D72BFD411CEFA8C900C25300 = {
						CreatedOnToolsVersion = 7.3.1;
						DevelopmentTeam = L79EGG6RR8;
					};
					D72BFD581CEFA8C900C25300 = {
						CreatedOnToolsVersion = 7.3.1;
						DevelopmentTeam = L79EGG6RR8;
						TestTargetID = D72BFD411CEFA8C900C25300;
					};
					D72BFD631CEFA8C900C25300 = {
						CreatedOnToolsVersion = 7.3.1;
						DevelopmentTeam = L79EGG6RR8;
						TestTargetID = D72BFD411CEFA8C900C25300;
					};
				};
			};
			buildConfigurationList = D72BFD3D1CEFA8C900C25300 /* Build configuration list for PBXProject "iOSBlackBeltExam" */;
			compatibilityVersion = "Xcode 3.2";
			developmentRegion = English;
			hasScannedForEncodings = 0;
			knownRegions = (
				en,
				Base,
			);
			mainGroup = D72BFD391CEFA8C900C25300;
			productRefGroup = D72BFD431CEFA8C900C25300 /* Products */;
			projectDirPath = "";
			projectRoot = "";
			targets = (
				D72BFD411CEFA8C900C25300 /* iOSBlackBeltExam */,
				D72BFD581CEFA8C900C25300 /* iOSBlackBeltExamTests */,
				D72BFD631CEFA8C900C25300 /* iOSBlackBeltExamUITests */,
			);
		};
/* End PBXProject section */

/* Begin PBXResourcesBuildPhase section */
		D72BFD401CEFA8C900C25300 /* Resources */ = {
			isa = PBXResourcesBuildPhase;
			buildActionMask = 2147483647;
			files = (
				D72BFD531CEFA8C900C25300 /* LaunchScreen.storyboard in Resources */,
				D72BFD501CEFA8C900C25300 /* Assets.xcassets in Resources */,
				D72BFD4B1CEFA8C900C25300 /* Main.storyboard in Resources */,
			);
			runOnlyForDeploymentPostprocessing = 0;
		};
		D72BFD571CEFA8C900C25300 /* Resources */ = {
			isa = PBXResourcesBuildPhase;
			buildActionMask = 2147483647;
			files = (
			);
			runOnlyForDeploymentPostprocessing = 0;
		};
		D72BFD621CEFA8C900C25300 /* Resources */ = {
			isa = PBXResourcesBuildPhase;
			buildActionMask = 2147483647;
			files = (
			);
			runOnlyForDeploymentPostprocessing = 0;
		};
/* End PBXResourcesBuildPhase section */

/* Begin PBXSourcesBuildPhase section */
		D72BFD3E1CEFA8C900C25300 /* Sources */ = {
			isa = PBXSourcesBuildPhase;
			buildActionMask = 2147483647;
			files = (
				D72BFD4E1CEFA8C900C25300 /* iOSBlackBeltExam.xcdatamodeld in Sources */,
				D72BFD481CEFA8C900C25300 /* ViewController.swift in Sources */,
				D72BFD461CEFA8C900C25300 /* AppDelegate.swift in Sources */,
			);
			runOnlyForDeploymentPostprocessing = 0;
		};
		D72BFD551CEFA8C900C25300 /* Sources */ = {
			isa = PBXSourcesBuildPhase;
			buildActionMask = 2147483647;
			files = (
				D72BFD5E1CEFA8C900C25300 /* iOSBlackBeltExamTests.swift in Sources */,
			);
			runOnlyForDeploymentPostprocessing = 0;
		};
		D72BFD601CEFA8C900C25300 /* Sources */ = {
			isa = PBXSourcesBuildPhase;
			buildActionMask = 2147483647;
			files = (
				D72BFD691CEFA8C900C25300 /* iOSBlackBeltExamUITests.swift in Sources */,
			);
			runOnlyForDeploymentPostprocessing = 0;
		};
/* End PBXSourcesBuildPhase section */

/* Begin PBXTargetDependency section */
		D72BFD5B1CEFA8C900C25300 /* PBXTargetDependency */ = {
			isa = PBXTargetDependency;
			target = D72BFD411CEFA8C900C25300 /* iOSBlackBeltExam */;
			targetProxy = D72BFD5A1CEFA8C900C25300 /* PBXContainerItemProxy */;
		};
		D72BFD661CEFA8C900C25300 /* PBXTargetDependency */ = {
			isa = PBXTargetDependency;
			target = D72BFD411CEFA8C900C25300 /* iOSBlackBeltExam */;
			targetProxy = D72BFD651CEFA8C900C25300 /* PBXContainerItemProxy */;
		};
/* End PBXTargetDependency section */

/* Begin PBXVariantGroup section */
		D72BFD491CEFA8C900C25300 /* Main.storyboard */ = {
			isa = PBXVariantGroup;
			children = (
				D72BFD4A1CEFA8C900C25300 /* Base */,
			);
			name = Main.storyboard;
			sourceTree = "<group>";
		};
		D72BFD511CEFA8C900C25300 /* LaunchScreen.storyboard */ = {
			isa = PBXVariantGroup;
			children = (
				D72BFD521CEFA8C900C25300 /* Base */,
			);
			name = LaunchScreen.storyboard;
			sourceTree = "<group>";
		};
/* End PBXVariantGroup section */

/* Begin XCBuildConfiguration section */
		D72BFD6B1CEFA8C900C25300 /* Debug */ = {
			isa = XCBuildConfiguration;
			buildSettings = {
				ALWAYS_SEARCH_USER_PATHS = NO;
				CLANG_ANALYZER_NONNULL = YES;
				CLANG_CXX_LANGUAGE_STANDARD = "gnu++0x";
				CLANG_CXX_LIBRARY = "libc++";
				CLANG_ENABLE_MODULES = YES;
				CLANG_ENABLE_OBJC_ARC = YES;
				CLANG_WARN_BOOL_CONVERSION = YES;
				CLANG_WARN_CONSTANT_CONVERSION = YES;
				CLANG_WARN_DIRECT_OBJC_ISA_USAGE = YES_ERROR;
				CLANG_WARN_EMPTY_BODY = YES;
				CLANG_WARN_ENUM_CONVERSION = YES;
				CLANG_WARN_INT_CONVERSION = YES;
				CLANG_WARN_OBJC_ROOT_CLASS = YES_ERROR;
				CLANG_WARN_UNREACHABLE_CODE = YES;
				CLANG_WARN__DUPLICATE_METHOD_MATCH = YES;
				"CODE_SIGN_IDENTITY[sdk=iphoneos*]" = "iPhone Developer";
				COPY_PHASE_STRIP = NO;
				DEBUG_INFORMATION_FORMAT = dwarf;
				ENABLE_STRICT_OBJC_MSGSEND = YES;
				ENABLE_TESTABILITY = YES;
				GCC_C_LANGUAGE_STANDARD = gnu99;
				GCC_DYNAMIC_NO_PIC = NO;
				GCC_NO_COMMON_BLOCKS = YES;
				GCC_OPTIMIZATION_LEVEL = 0;
				GCC_PREPROCESSOR_DEFINITIONS = (
					"DEBUG=1",
					"$(inherited)",
				);
				GCC_WARN_64_TO_32_BIT_CONVERSION = YES;
				GCC_WARN_ABOUT_RETURN_TYPE = YES_ERROR;
				GCC_WARN_UNDECLARED_SELECTOR = YES;
				GCC_WARN_UNINITIALIZED_AUTOS = YES_AGGRESSIVE;
				GCC_WARN_UNUSED_FUNCTION = YES;
				GCC_WARN_UNUSED_VARIABLE = YES;
				IPHONEOS_DEPLOYMENT_TARGET = 9.3;
				MTL_ENABLE_DEBUG_INFO = YES;
				ONLY_ACTIVE_ARCH = YES;
				SDKROOT = iphoneos;
				SWIFT_OPTIMIZATION_LEVEL = "-Onone";
				TARGETED_DEVICE_FAMILY = "1,2";
			};
			name = Debug;
		};
		D72BFD6C1CEFA8C900C25300 /* Release */ = {
			isa = XCBuildConfiguration;
			buildSettings = {
				ALWAYS_SEARCH_USER_PATHS = NO;
				CLANG_ANALYZER_NONNULL = YES;
				CLANG_CXX_LANGUAGE_STANDARD = "gnu++0x";
				CLANG_CXX_LIBRARY = "libc++";
				CLANG_ENABLE_MODULES = YES;
				CLANG_ENABLE_OBJC_ARC = YES;
				CLANG_WARN_BOOL_CONVERSION = YES;
				CLANG_WARN_CONSTANT_CONVERSION = YES;
				CLANG_WARN_DIRECT_OBJC_ISA_USAGE = YES_ERROR;
				CLANG_WARN_EMPTY_BODY = YES;
				CLANG_WARN_ENUM_CONVERSION = YES;
				CLANG_WARN_INT_CONVERSION = YES;
				CLANG_WARN_OBJC_ROOT_CLASS = YES_ERROR;
				CLANG_WARN_UNREACHABLE_CODE = YES;
				CLANG_WARN__DUPLICATE_METHOD_MATCH = YES;
				"CODE_SIGN_IDENTITY[sdk=iphoneos*]" = "iPhone Developer";
				COPY_PHASE_STRIP = NO;
				DEBUG_INFORMATION_FORMAT = "dwarf-with-dsym";
				ENABLE_NS_ASSERTIONS = NO;
				ENABLE_STRICT_OBJC_MSGSEND = YES;
				GCC_C_LANGUAGE_STANDARD = gnu99;
				GCC_NO_COMMON_BLOCKS = YES;
				GCC_WARN_64_TO_32_BIT_CONVERSION = YES;
				GCC_WARN_ABOUT_RETURN_TYPE = YES_ERROR;
				GCC_WARN_UNDECLARED_SELECTOR = YES;
				GCC_WARN_UNINITIALIZED_AUTOS = YES_AGGRESSIVE;
				GCC_WARN_UNUSED_FUNCTION = YES;
				GCC_WARN_UNUSED_VARIABLE = YES;
				IPHONEOS_DEPLOYMENT_TARGET = 9.3;
				MTL_ENABLE_DEBUG_INFO = NO;
				SDKROOT = iphoneos;
				TARGETED_DEVICE_FAMILY = "1,2";
				VALIDATE_PRODUCT = YES;
			};
			name = Release;
		};
		D72BFD6E1CEFA8C900C25300 /* Debug */ = {
			isa = XCBuildConfiguration;
			buildSettings = {
				ASSETCATALOG_COMPILER_APPICON_NAME = AppIcon;
				INFOPLIST_FILE = iOSBlackBeltExam/Info.plist;
				LD_RUNPATH_SEARCH_PATHS = "$(inherited) @executable_path/Frameworks";
				PRODUCT_BUNDLE_IDENTIFIER = "Coding-Dojo-student.iOSBlackBeltExam";
				PRODUCT_NAME = "$(TARGET_NAME)";
			};
			name = Debug;
		};
		D72BFD6F1CEFA8C900C25300 /* Release */ = {
			isa = XCBuildConfiguration;
			buildSettings = {
				ASSETCATALOG_COMPILER_APPICON_NAME = AppIcon;
				INFOPLIST_FILE = iOSBlackBeltExam/Info.plist;
				LD_RUNPATH_SEARCH_PATHS = "$(inherited) @executable_path/Frameworks";
				PRODUCT_BUNDLE_IDENTIFIER = "Coding-Dojo-student.iOSBlackBeltExam";
				PRODUCT_NAME = "$(TARGET_NAME)";
			};
			name = Release;
		};
		D72BFD711CEFA8C900C25300 /* Debug */ = {
			isa = XCBuildConfiguration;
			buildSettings = {
				BUNDLE_LOADER = "$(TEST_HOST)";
				INFOPLIST_FILE = iOSBlackBeltExamTests/Info.plist;
				LD_RUNPATH_SEARCH_PATHS = "$(inherited) @executable_path/Frameworks @loader_path/Frameworks";
				PRODUCT_BUNDLE_IDENTIFIER = "Coding-Dojo-student.iOSBlackBeltExamTests";
				PRODUCT_NAME = "$(TARGET_NAME)";
				TEST_HOST = "$(BUILT_PRODUCTS_DIR)/iOSBlackBeltExam.app/iOSBlackBeltExam";
			};
			name = Debug;
		};
		D72BFD721CEFA8C900C25300 /* Release */ = {
			isa = XCBuildConfiguration;
			buildSettings = {
				BUNDLE_LOADER = "$(TEST_HOST)";
				INFOPLIST_FILE = iOSBlackBeltExamTests/Info.plist;
				LD_RUNPATH_SEARCH_PATHS = "$(inherited) @executable_path/Frameworks @loader_path/Frameworks";
				PRODUCT_BUNDLE_IDENTIFIER = "Coding-Dojo-student.iOSBlackBeltExamTests";
				PRODUCT_NAME = "$(TARGET_NAME)";
				TEST_HOST = "$(BUILT_PRODUCTS_DIR)/iOSBlackBeltExam.app/iOSBlackBeltExam";
			};
			name = Release;
		};
		D72BFD741CEFA8C900C25300 /* Debug */ = {
			isa = XCBuildConfiguration;
			buildSettings = {
				INFOPLIST_FILE = iOSBlackBeltExamUITests/Info.plist;
				LD_RUNPATH_SEARCH_PATHS = "$(inherited) @executable_path/Frameworks @loader_path/Frameworks";
				PRODUCT_BUNDLE_IDENTIFIER = "Coding-Dojo-student.iOSBlackBeltExamUITests";
				PRODUCT_NAME = "$(TARGET_NAME)";
				TEST_TARGET_NAME = iOSBlackBeltExam;
			};
			name = Debug;
		};
		D72BFD751CEFA8C900C25300 /* Release */ = {
			isa = XCBuildConfiguration;
			buildSettings = {
				INFOPLIST_FILE = iOSBlackBeltExamUITests/Info.plist;
				LD_RUNPATH_SEARCH_PATHS = "$(inherited) @executable_path/Frameworks @loader_path/Frameworks";
				PRODUCT_BUNDLE_IDENTIFIER = "Coding-Dojo-student.iOSBlackBeltExamUITests";
				PRODUCT_NAME = "$(TARGET_NAME)";
				TEST_TARGET_NAME = iOSBlackBeltExam;
			};
			name = Release;
		};
/* End XCBuildConfiguration section */

/* Begin XCConfigurationList section */
		D72BFD3D1CEFA8C900C25300 /* Build configuration list for PBXProject "iOSBlackBeltExam" */ = {
			isa = XCConfigurationList;
			buildConfigurations = (
				D72BFD6B1CEFA8C900C25300 /* Debug */,
				D72BFD6C1CEFA8C900C25300 /* Release */,
			);
			defaultConfigurationIsVisible = 0;
			defaultConfigurationName = Release;
		};
		D72BFD6D1CEFA8C900C25300 /* Build configuration list for PBXNativeTarget "iOSBlackBeltExam" */ = {
			isa = XCConfigurationList;
			buildConfigurations = (
				D72BFD6E1CEFA8C900C25300 /* Debug */,
				D72BFD6F1CEFA8C900C25300 /* Release */,
			);
			defaultConfigurationIsVisible = 0;
		};
		D72BFD701CEFA8C900C25300 /* Build configuration list for PBXNativeTarget "iOSBlackBeltExamTests" */ = {
			isa = XCConfigurationList;
			buildConfigurations = (
				D72BFD711CEFA8C900C25300 /* Debug */,
				D72BFD721CEFA8C900C25300 /* Release */,
			);
			defaultConfigurationIsVisible = 0;
		};
		D72BFD731CEFA8C900C25300 /* Build configuration list for PBXNativeTarget "iOSBlackBeltExamUITests" */ = {
			isa = XCConfigurationList;
			buildConfigurations = (
				D72BFD741CEFA8C900C25300 /* Debug */,
				D72BFD751CEFA8C900C25300 /* Release */,
			);
			defaultConfigurationIsVisible = 0;
		};
/* End XCConfigurationList section */

/* Begin XCVersionGroup section */
		D72BFD4C1CEFA8C900C25300 /* iOSBlackBeltExam.xcdatamodeld */ = {
			isa = XCVersionGroup;
			children = (
				D72BFD4D1CEFA8C900C25300 /* iOSBlackBeltExam.xcdatamodel */,
			);
			currentVersion = D72BFD4D1CEFA8C900C25300 /* iOSBlackBeltExam.xcdatamodel */;
			path = iOSBlackBeltExam.xcdatamodeld;
			sourceTree = "<group>";
			versionGroupType = wrapper.xcdatamodel;
		};
/* End XCVersionGroup section */
	};
	rootObject = D72BFD3A1CEFA8C900C25300 /* Project object */;
}
